// !$*UTF8*$!
{
	archiveVersion = 1;
	classes = {
	};
	objectVersion = 50;
	objects = {

/* Begin PBXBuildFile section */
		E07D479524A0A7970020B9E3 /* AppDelegate.swift in Sources */ = {isa = PBXBuildFile; fileRef = E07D479424A0A7970020B9E3 /* AppDelegate.swift */; };
		E07D479724A0A7970020B9E3 /* SceneDelegate.swift in Sources */ = {isa = PBXBuildFile; fileRef = E07D479624A0A7970020B9E3 /* SceneDelegate.swift */; };
		E07D479924A0A7970020B9E3 /* ViewController.swift in Sources */ = {isa = PBXBuildFile; fileRef = E07D479824A0A7970020B9E3 /* ViewController.swift */; };
		E07D479C24A0A7970020B9E3 /* Main.storyboard in Resources */ = {isa = PBXBuildFile; fileRef = E07D479A24A0A7970020B9E3 /* Main.storyboard */; };
		E07D479E24A0A79A0020B9E3 /* Assets.xcassets in Resources */ = {isa = PBXBuildFile; fileRef = E07D479D24A0A79A0020B9E3 /* Assets.xcassets */; };
		E07D47A124A0A79A0020B9E3 /* LaunchScreen.storyboard in Resources */ = {isa = PBXBuildFile; fileRef = E07D479F24A0A79A0020B9E3 /* LaunchScreen.storyboard */; };
		E07D47AC24A0A79A0020B9E3 /* VaeFansTests.swift in Sources */ = {isa = PBXBuildFile; fileRef = E07D47AB24A0A79A0020B9E3 /* VaeFansTests.swift */; };
		E07D47B724A0A79A0020B9E3 /* VaeFansUITests.swift in Sources */ = {isa = PBXBuildFile; fileRef = E07D47B624A0A79A0020B9E3 /* VaeFansUITests.swift */; };
		E07D47C524A0A8000020B9E3 /* FantasticView.swift in Sources */ = {isa = PBXBuildFile; fileRef = E07D47C424A0A8000020B9E3 /* FantasticView.swift */; };
/* End PBXBuildFile section */

/* Begin PBXContainerItemProxy section */
		E07D47A824A0A79A0020B9E3 /* PBXContainerItemProxy */ = {
			isa = PBXContainerItemProxy;
			containerPortal = E07D478924A0A7970020B9E3 /* Project object */;
			proxyType = 1;
			remoteGlobalIDString = E07D479024A0A7970020B9E3;
			remoteInfo = VaeFans;
		};
		E07D47B324A0A79A0020B9E3 /* PBXContainerItemProxy */ = {
			isa = PBXContainerItemProxy;
			containerPortal = E07D478924A0A7970020B9E3 /* Project object */;
			proxyType = 1;
			remoteGlobalIDString = E07D479024A0A7970020B9E3;
			remoteInfo = VaeFans;
		};
/* End PBXContainerItemProxy section */

/* Begin PBXFileReference section */
		E07D479124A0A7970020B9E3 /* VaeFans.app */ = {isa = PBXFileReference; explicitFileType = wrapper.application; includeInIndex = 0; path = VaeFans.app; sourceTree = BUILT_PRODUCTS_DIR; };
		E07D479424A0A7970020B9E3 /* AppDelegate.swift */ = {isa = PBXFileReference; lastKnownFileType = sourcecode.swift; path = AppDelegate.swift; sourceTree = "<group>"; };
		E07D479624A0A7970020B9E3 /* SceneDelegate.swift */ = {isa = PBXFileReference; lastKnownFileType = sourcecode.swift; path = SceneDelegate.swift; sourceTree = "<group>"; };
		E07D479824A0A7970020B9E3 /* ViewController.swift */ = {isa = PBXFileReference; lastKnownFileType = sourcecode.swift; path = ViewController.swift; sourceTree = "<group>"; };
		E07D479B24A0A7970020B9E3 /* Base */ = {isa = PBXFileReference; lastKnownFileType = file.storyboard; name = Base; path = Base.lproj/Main.storyboard; sourceTree = "<group>"; };
		E07D479D24A0A79A0020B9E3 /* Assets.xcassets */ = {isa = PBXFileReference; lastKnownFileType = folder.assetcatalog; path = Assets.xcassets; sourceTree = "<group>"; };
		E07D47A024A0A79A0020B9E3 /* Base */ = {isa = PBXFileReference; lastKnownFileType = file.storyboard; name = Base; path = Base.lproj/LaunchScreen.storyboard; sourceTree = "<group>"; };
		E07D47A224A0A79A0020B9E3 /* Info.plist */ = {isa = PBXFileReference; lastKnownFileType = text.plist.xml; path = Info.plist; sourceTree = "<group>"; };
		E07D47A724A0A79A0020B9E3 /* VaeFansTests.xctest */ = {isa = PBXFileReference; explicitFileType = wrapper.cfbundle; includeInIndex = 0; path = VaeFansTests.xctest; sourceTree = BUILT_PRODUCTS_DIR; };
		E07D47AB24A0A79A0020B9E3 /* VaeFansTests.swift */ = {isa = PBXFileReference; lastKnownFileType = sourcecode.swift; path = VaeFansTests.swift; sourceTree = "<group>"; };
		E07D47AD24A0A79A0020B9E3 /* Info.plist */ = {isa = PBXFileReference; lastKnownFileType = text.plist.xml; path = Info.plist; sourceTree = "<group>"; };
		E07D47B224A0A79A0020B9E3 /* VaeFansUITests.xctest */ = {isa = PBXFileReference; explicitFileType = wrapper.cfbundle; includeInIndex = 0; path = VaeFansUITests.xctest; sourceTree = BUILT_PRODUCTS_DIR; };
		E07D47B624A0A79A0020B9E3 /* VaeFansUITests.swift */ = {isa = PBXFileReference; lastKnownFileType = sourcecode.swift; path = VaeFansUITests.swift; sourceTree = "<group>"; };
		E07D47B824A0A79A0020B9E3 /* Info.plist */ = {isa = PBXFileReference; lastKnownFileType = text.plist.xml; path = Info.plist; sourceTree = "<group>"; };
		E07D47C424A0A8000020B9E3 /* FantasticView.swift */ = {isa = PBXFileReference; lastKnownFileType = sourcecode.swift; path = FantasticView.swift; sourceTree = "<group>"; };
/* End PBXFileReference section */

/* Begin PBXFrameworksBuildPhase section */
		E07D478E24A0A7970020B9E3 /* Frameworks */ = {
			isa = PBXFrameworksBuildPhase;
			buildActionMask = 2147483647;
			files = (
			);
			runOnlyForDeploymentPostprocessing = 0;
		};
		E07D47A424A0A79A0020B9E3 /* Frameworks */ = {
			isa = PBXFrameworksBuildPhase;
			buildActionMask = 2147483647;
			files = (
			);
			runOnlyForDeploymentPostprocessing = 0;
		};
		E07D47AF24A0A79A0020B9E3 /* Frameworks */ = {
			isa = PBXFrameworksBuildPhase;
			buildActionMask = 2147483647;
			files = (
			);
			runOnlyForDeploymentPostprocessing = 0;
		};
/* End PBXFrameworksBuildPhase section */

/* Begin PBXGroup section */
		E07D478824A0A7970020B9E3 = {
			isa = PBXGroup;
			children = (
				E07D479324A0A7970020B9E3 /* VaeFans */,
				E07D47AA24A0A79A0020B9E3 /* VaeFansTests */,
				E07D47B524A0A79A0020B9E3 /* VaeFansUITests */,
				E07D479224A0A7970020B9E3 /* Products */,
			);
			sourceTree = "<group>";
		};
		E07D479224A0A7970020B9E3 /* Products */ = {
			isa = PBXGroup;
			children = (
				E07D479124A0A7970020B9E3 /* VaeFans.app */,
				E07D47A724A0A79A0020B9E3 /* VaeFansTests.xctest */,
				E07D47B224A0A79A0020B9E3 /* VaeFansUITests.xctest */,
			);
			name = Products;
			sourceTree = "<group>";
		};
		E07D479324A0A7970020B9E3 /* VaeFans */ = {
			isa = PBXGroup;
			children = (
				E07D479424A0A7970020B9E3 /* AppDelegate.swift */,
				E07D479624A0A7970020B9E3 /* SceneDelegate.swift */,
				E07D479824A0A7970020B9E3 /* ViewController.swift */,
				E07D47C424A0A8000020B9E3 /* FantasticView.swift */,
				E07D479A24A0A7970020B9E3 /* Main.storyboard */,
				E07D479D24A0A79A0020B9E3 /* Assets.xcassets */,
				E07D479F24A0A79A0020B9E3 /* LaunchScreen.storyboard */,
				E07D47A224A0A79A0020B9E3 /* Info.plist */,
			);
			path = VaeFans;
			sourceTree = "<group>";
		};
		E07D47AA24A0A79A0020B9E3 /* VaeFansTests */ = {
			isa = PBXGroup;
			children = (
				E07D47AB24A0A79A0020B9E3 /* VaeFansTests.swift */,
				E07D47AD24A0A79A0020B9E3 /* Info.plist */,
			);
			path = VaeFansTests;
			sourceTree = "<group>";
		};
		E07D47B524A0A79A0020B9E3 /* VaeFansUITests */ = {
			isa = PBXGroup;
			children = (
				E07D47B624A0A79A0020B9E3 /* VaeFansUITests.swift */,
				E07D47B824A0A79A0020B9E3 /* Info.plist */,
			);
			path = VaeFansUITests;
			sourceTree = "<group>";
		};
/* End PBXGroup section */

/* Begin PBXNativeTarget section */
		E07D479024A0A7970020B9E3 /* VaeFans */ = {
			isa = PBXNativeTarget;
			buildConfigurationList = E07D47BB24A0A79A0020B9E3 /* Build configuration list for PBXNativeTarget "VaeFans" */;
			buildPhases = (
				E07D478D24A0A7970020B9E3 /* Sources */,
				E07D478E24A0A7970020B9E3 /* Frameworks */,
				E07D478F24A0A7970020B9E3 /* Resources */,
			);
			buildRules = (
			);
			dependencies = (
			);
			name = VaeFans;
			productName = VaeFans;
			productReference = E07D479124A0A7970020B9E3 /* VaeFans.app */;
			productType = "com.apple.product-type.application";
		};
		E07D47A624A0A79A0020B9E3 /* VaeFansTests */ = {
			isa = PBXNativeTarget;
			buildConfigurationList = E07D47BE24A0A79A0020B9E3 /* Build configuration list for PBXNativeTarget "VaeFansTests" */;
			buildPhases = (
				E07D47A324A0A79A0020B9E3 /* Sources */,
				E07D47A424A0A79A0020B9E3 /* Frameworks */,
				E07D47A524A0A79A0020B9E3 /* Resources */,
			);
			buildRules = (
			);
			dependencies = (
				E07D47A924A0A79A0020B9E3 /* PBXTargetDependency */,
			);
			name = VaeFansTests;
			productName = VaeFansTests;
			productReference = E07D47A724A0A79A0020B9E3 /* VaeFansTests.xctest */;
			productType = "com.apple.product-type.bundle.unit-test";
		};
		E07D47B124A0A79A0020B9E3 /* VaeFansUITests */ = {
			isa = PBXNativeTarget;
			buildConfigurationList = E07D47C124A0A79A0020B9E3 /* Build configuration list for PBXNativeTarget "VaeFansUITests" */;
			buildPhases = (
				E07D47AE24A0A79A0020B9E3 /* Sources */,
				E07D47AF24A0A79A0020B9E3 /* Frameworks */,
				E07D47B024A0A79A0020B9E3 /* Resources */,
			);
			buildRules = (
			);
			dependencies = (
				E07D47B424A0A79A0020B9E3 /* PBXTargetDependency */,
			);
			name = VaeFansUITests;
			productName = VaeFansUITests;
			productReference = E07D47B224A0A79A0020B9E3 /* VaeFansUITests.xctest */;
			productType = "com.apple.product-type.bundle.ui-testing";
		};
/* End PBXNativeTarget section */

/* Begin PBXProject section */
		E07D478924A0A7970020B9E3 /* Project object */ = {
			isa = PBXProject;
			attributes = {
				LastSwiftUpdateCheck = 1130;
				LastUpgradeCheck = 1130;
				ORGANIZATIONNAME = roni;
				TargetAttributes = {
					E07D479024A0A7970020B9E3 = {
						CreatedOnToolsVersion = 11.3.1;
					};
					E07D47A624A0A79A0020B9E3 = {
						CreatedOnToolsVersion = 11.3.1;
						TestTargetID = E07D479024A0A7970020B9E3;
					};
					E07D47B124A0A79A0020B9E3 = {
						CreatedOnToolsVersion = 11.3.1;
						TestTargetID = E07D479024A0A7970020B9E3;
					};
				};
			};
			buildConfigurationList = E07D478C24A0A7970020B9E3 /* Build configuration list for PBXProject "VaeFans" */;
			compatibilityVersion = "Xcode 9.3";
			developmentRegion = en;
			hasScannedForEncodings = 0;
			knownRegions = (
				en,
				Base,
			);
			mainGroup = E07D478824A0A7970020B9E3;
			productRefGroup = E07D479224A0A7970020B9E3 /* Products */;
			projectDirPath = "";
			projectRoot = "";
			targets = (
				E07D479024A0A7970020B9E3 /* VaeFans */,
				E07D47A624A0A79A0020B9E3 /* VaeFansTests */,
				E07D47B124A0A79A0020B9E3 /* VaeFansUITests */,
			);
		};
/* End PBXProject section */

/* Begin PBXResourcesBuildPhase section */
		E07D478F24A0A7970020B9E3 /* Resources */ = {
			isa = PBXResourcesBuildPhase;
			buildActionMask = 2147483647;
			files = (
				E07D47A124A0A79A0020B9E3 /* LaunchScreen.storyboard in Resources */,
				E07D479E24A0A79A0020B9E3 /* Assets.xcassets in Resources */,
				E07D479C24A0A7970020B9E3 /* Main.storyboard in Resources */,
			);
			runOnlyForDeploymentPostprocessing = 0;
		};
		E07D47A524A0A79A0020B9E3 /* Resources */ = {
			isa = PBXResourcesBuildPhase;
			buildActionMask = 2147483647;
			files = (
			);
			runOnlyForDeploymentPostprocessing = 0;
		};
		E07D47B024A0A79A0020B9E3 /* Resources */ = {
			isa = PBXResourcesBuildPhase;
			buildActionMask = 2147483647;
			files = (
			);
			runOnlyForDeploymentPostprocessing = 0;
		};
/* End PBXResourcesBuildPhase section */

/* Begin PBXSourcesBuildPhase section */
		E07D478D24A0A7970020B9E3 /* Sources */ = {
			isa = PBXSourcesBuildPhase;
			buildActionMask = 2147483647;
			files = (
				E07D479924A0A7970020B9E3 /* ViewController.swift in Sources */,
				E07D479524A0A7970020B9E3 /* AppDelegate.swift in Sources */,
				E07D47C524A0A8000020B9E3 /* FantasticView.swift in Sources */,
				E07D479724A0A7970020B9E3 /* SceneDelegate.swift in Sources */,
			);
			runOnlyForDeploymentPostprocessing = 0;
		};
		E07D47A324A0A79A0020B9E3 /* Sources */ = {
			isa = PBXSourcesBuildPhase;
			buildActionMask = 2147483647;
			files = (
				E07D47AC24A0A79A0020B9E3 /* VaeFansTests.swift in Sources */,
			);
			runOnlyForDeploymentPostprocessing = 0;
		};
		E07D47AE24A0A79A0020B9E3 /* Sources */ = {
			isa = PBXSourcesBuildPhase;
			buildActionMask = 2147483647;
			files = (
				E07D47B724A0A79A0020B9E3 /* VaeFansUITests.swift in Sources */,
			);
			runOnlyForDeploymentPostprocessing = 0;
		};
/* End PBXSourcesBuildPhase section */

/* Begin PBXTargetDependency section */
		E07D47A924A0A79A0020B9E3 /* PBXTargetDependency */ = {
			isa = PBXTargetDependency;
			target = E07D479024A0A7970020B9E3 /* VaeFans */;
			targetProxy = E07D47A824A0A79A0020B9E3 /* PBXContainerItemProxy */;
		};
		E07D47B424A0A79A0020B9E3 /* PBXTargetDependency */ = {
			isa = PBXTargetDependency;
			target = E07D479024A0A7970020B9E3 /* VaeFans */;
			targetProxy = E07D47B324A0A79A0020B9E3 /* PBXContainerItemProxy */;
		};
/* End PBXTargetDependency section */

/* Begin PBXVariantGroup section */
		E07D479A24A0A7970020B9E3 /* Main.storyboard */ = {
			isa = PBXVariantGroup;
			children = (
				E07D479B24A0A7970020B9E3 /* Base */,
			);
			name = Main.storyboard;
			sourceTree = "<group>";
		};
		E07D479F24A0A79A0020B9E3 /* LaunchScreen.storyboard */ = {
			isa = PBXVariantGroup;
			children = (
				E07D47A024A0A79A0020B9E3 /* Base */,
			);
			name = LaunchScreen.storyboard;
			sourceTree = "<group>";
		};
/* End PBXVariantGroup section */

/* Begin XCBuildConfiguration section */
		E07D47B924A0A79A0020B9E3 /* Debug */ = {
			isa = XCBuildConfiguration;
			buildSettings = {
				ALWAYS_SEARCH_USER_PATHS = NO;
				CLANG_ANALYZER_NONNULL = YES;
				CLANG_ANALYZER_NUMBER_OBJECT_CONVERSION = YES_AGGRESSIVE;
				CLANG_CXX_LANGUAGE_STANDARD = "gnu++14";
				CLANG_CXX_LIBRARY = "libc++";
				CLANG_ENABLE_MODULES = YES;
				CLANG_ENABLE_OBJC_ARC = YES;
				CLANG_ENABLE_OBJC_WEAK = YES;
				CLANG_WARN_BLOCK_CAPTURE_AUTORELEASING = YES;
				CLANG_WARN_BOOL_CONVERSION = YES;
				CLANG_WARN_COMMA = YES;
				CLANG_WARN_CONSTANT_CONVERSION = YES;
				CLANG_WARN_DEPRECATED_OBJC_IMPLEMENTATIONS = YES;
				CLANG_WARN_DIRECT_OBJC_ISA_USAGE = YES_ERROR;
				CLANG_WARN_DOCUMENTATION_COMMENTS = YES;
				CLANG_WARN_EMPTY_BODY = YES;
				CLANG_WARN_ENUM_CONVERSION = YES;
				CLANG_WARN_INFINITE_RECURSION = YES;
				CLANG_WARN_INT_CONVERSION = YES;
				CLANG_WARN_NON_LITERAL_NULL_CONVERSION = YES;
				CLANG_WARN_OBJC_IMPLICIT_RETAIN_SELF = YES;
				CLANG_WARN_OBJC_LITERAL_CONVERSION = YES;
				CLANG_WARN_OBJC_ROOT_CLASS = YES_ERROR;
				CLANG_WARN_RANGE_LOOP_ANALYSIS = YES;
				CLANG_WARN_STRICT_PROTOTYPES = YES;
				CLANG_WARN_SUSPICIOUS_MOVE = YES;
				CLANG_WARN_UNGUARDED_AVAILABILITY = YES_AGGRESSIVE;
				CLANG_WARN_UNREACHABLE_CODE = YES;
				CLANG_WARN__DUPLICATE_METHOD_MATCH = YES;
				COPY_PHASE_STRIP = NO;
				DEBUG_INFORMATION_FORMAT = dwarf;
				ENABLE_STRICT_OBJC_MSGSEND = YES;
				ENABLE_TESTABILITY = YES;
				GCC_C_LANGUAGE_STANDARD = gnu11;
				GCC_DYNAMIC_NO_PIC = NO;
				GCC_NO_COMMON_BLOCKS = YES;
				GCC_OPTIMIZATION_LEVEL = 0;
				GCC_PREPROCESSOR_DEFINITIONS = (
					"DEBUG=1",
					"$(inherited)",
				);
				GCC_WARN_64_TO_32_BIT_CONVERSION = YES;
				GCC_WARN_ABOUT_RETURN_TYPE = YES_ERROR;
				GCC_WARN_UNDECLARED_SELECTOR = YES;
				GCC_WARN_UNINITIALIZED_AUTOS = YES_AGGRESSIVE;
				GCC_WARN_UNUSED_FUNCTION = YES;
				GCC_WARN_UNUSED_VARIABLE = YES;
				IPHONEOS_DEPLOYMENT_TARGET = 13.2;
				MTL_ENABLE_DEBUG_INFO = INCLUDE_SOURCE;
				MTL_FAST_MATH = YES;
				ONLY_ACTIVE_ARCH = YES;
				SDKROOT = iphoneos;
				SWIFT_ACTIVE_COMPILATION_CONDITIONS = DEBUG;
				SWIFT_OPTIMIZATION_LEVEL = "-Onone";
			};
			name = Debug;
		};
		E07D47BA24A0A79A0020B9E3 /* Release */ = {
			isa = XCBuildConfiguration;
			buildSettings = {
				ALWAYS_SEARCH_USER_PATHS = NO;
				CLANG_ANALYZER_NONNULL = YES;
				CLANG_ANALYZER_NUMBER_OBJECT_CONVERSION = YES_AGGRESSIVE;
				CLANG_CXX_LANGUAGE_STANDARD = "gnu++14";
				CLANG_CXX_LIBRARY = "libc++";
				CLANG_ENABLE_MODULES = YES;
				CLANG_ENABLE_OBJC_ARC = YES;
				CLANG_ENABLE_OBJC_WEAK = YES;
				CLANG_WARN_BLOCK_CAPTURE_AUTORELEASING = YES;
				CLANG_WARN_BOOL_CONVERSION = YES;
				CLANG_WARN_COMMA = YES;
				CLANG_WARN_CONSTANT_CONVERSION = YES;
				CLANG_WARN_DEPRECATED_OBJC_IMPLEMENTATIONS = YES;
				CLANG_WARN_DIRECT_OBJC_ISA_USAGE = YES_ERROR;
				CLANG_WARN_DOCUMENTATION_COMMENTS = YES;
				CLANG_WARN_EMPTY_BODY = YES;
				CLANG_WARN_ENUM_CONVERSION = YES;
				CLANG_WARN_INFINITE_RECURSION = YES;
				CLANG_WARN_INT_CONVERSION = YES;
				CLANG_WARN_NON_LITERAL_NULL_CONVERSION = YES;
				CLANG_WARN_OBJC_IMPLICIT_RETAIN_SELF = YES;
				CLANG_WARN_OBJC_LITERAL_CONVERSION = YES;
				CLANG_WARN_OBJC_ROOT_CLASS = YES_ERROR;
				CLANG_WARN_RANGE_LOOP_ANALYSIS = YES;
				CLANG_WARN_STRICT_PROTOTYPES = YES;
				CLANG_WARN_SUSPICIOUS_MOVE = YES;
				CLANG_WARN_UNGUARDED_AVAILABILITY = YES_AGGRESSIVE;
				CLANG_WARN_UNREACHABLE_CODE = YES;
				CLANG_WARN__DUPLICATE_METHOD_MATCH = YES;
				COPY_PHASE_STRIP = NO;
				DEBUG_INFORMATION_FORMAT = "dwarf-with-dsym";
				ENABLE_NS_ASSERTIONS = NO;
				ENABLE_STRICT_OBJC_MSGSEND = YES;
				GCC_C_LANGUAGE_STANDARD = gnu11;
				GCC_NO_COMMON_BLOCKS = YES;
				GCC_WARN_64_TO_32_BIT_CONVERSION = YES;
				GCC_WARN_ABOUT_RETURN_TYPE = YES_ERROR;
				GCC_WARN_UNDECLARED_SELECTOR = YES;
				GCC_WARN_UNINITIALIZED_AUTOS = YES_AGGRESSIVE;
				GCC_WARN_UNUSED_FUNCTION = YES;
				GCC_WARN_UNUSED_VARIABLE = YES;
				IPHONEOS_DEPLOYMENT_TARGET = 13.2;
				MTL_ENABLE_DEBUG_INFO = NO;
				MTL_FAST_MATH = YES;
				SDKROOT = iphoneos;
				SWIFT_COMPILATION_MODE = wholemodule;
				SWIFT_OPTIMIZATION_LEVEL = "-O";
				VALIDATE_PRODUCT = YES;
			};
			name = Release;
		};
		E07D47BC24A0A79A0020B9E3 /* Debug */ = {
			isa = XCBuildConfiguration;
			buildSettings = {
				ASSETCATALOG_COMPILER_APPICON_NAME = AppIcon;
				CODE_SIGN_IDENTITY = "Apple Development";
				CODE_SIGN_STYLE = Automatic;
				DEVELOPMENT_TEAM = 65H2VB24S3;
				INFOPLIST_FILE = VaeFans/Info.plist;
				LD_RUNPATH_SEARCH_PATHS = (
					"$(inherited)",
					"@executable_path/Frameworks",
				);
				PRODUCT_BUNDLE_IDENTIFIER = roni.com.VaeFans;
				PRODUCT_NAME = "$(TARGET_NAME)";
				PROVISIONING_PROFILE_SPECIFIER = "";
				SWIFT_VERSION = 5.0;
				TARGETED_DEVICE_FAMILY = "1,2";
			};
			name = Debug;
		};
		E07D47BD24A0A79A0020B9E3 /* Release */ = {
			isa = XCBuildConfiguration;
			buildSettings = {
				ASSETCATALOG_COMPILER_APPICON_NAME = AppIcon;
				CODE_SIGN_IDENTITY = "Apple Development";
				CODE_SIGN_STYLE = Automatic;
				DEVELOPMENT_TEAM = 65H2VB24S3;
				INFOPLIST_FILE = VaeFans/Info.plist;
				LD_RUNPATH_SEARCH_PATHS = (
					"$(inherited)",
					"@executable_path/Frameworks",
				);
				PRODUCT_BUNDLE_IDENTIFIER = roni.com.VaeFans;
				PRODUCT_NAME = "$(TARGET_NAME)";
				PROVISIONING_PROFILE_SPECIFIER = "";
				SWIFT_VERSION = 5.0;
				TARGETED_DEVICE_FAMILY = "1,2";
			};
			name = Release;
		};
		E07D47BF24A0A79A0020B9E3 /* Debug */ = {
			isa = XCBuildConfiguration;
			buildSettings = {
				ALWAYS_EMBED_SWIFT_STANDARD_LIBRARIES = YES;
				BUNDLE_LOADER = "$(TEST_HOST)";
				"CODE_SIGN_IDENTITY[sdk=macosx*]" = "-";
				CODE_SIGN_STYLE = Automatic;
				DEVELOPMENT_TEAM = 65H2VB24S3;
				INFOPLIST_FILE = VaeFansTests/Info.plist;
				IPHONEOS_DEPLOYMENT_TARGET = 13.2;
				LD_RUNPATH_SEARCH_PATHS = (
					"$(inherited)",
					"@executable_path/Frameworks",
					"@loader_path/Frameworks",
				);
				PRODUCT_BUNDLE_IDENTIFIER = roni.com.VaeFansTests;
				PRODUCT_NAME = "$(TARGET_NAME)";
				SWIFT_VERSION = 5.0;
				TARGETED_DEVICE_FAMILY = "1,2";
				TEST_HOST = "$(BUILT_PRODUCTS_DIR)/VaeFans.app/VaeFans";
			};
			name = Debug;
		};
		E07D47C024A0A79A0020B9E3 /* Release */ = {
			isa = XCBuildConfiguration;
			buildSettings = {
				ALWAYS_EMBED_SWIFT_STANDARD_LIBRARIES = YES;
				BUNDLE_LOADER = "$(TEST_HOST)";
				"CODE_SIGN_IDENTITY[sdk=macosx*]" = "-";
				CODE_SIGN_STYLE = Automatic;
				DEVELOPMENT_TEAM = 65H2VB24S3;
				INFOPLIST_FILE = VaeFansTests/Info.plist;
				IPHONEOS_DEPLOYMENT_TARGET = 13.2;
				LD_RUNPATH_SEARCH_PATHS = (
					"$(inherited)",
					"@executable_path/Frameworks",
					"@loader_path/Frameworks",
				);
				PRODUCT_BUNDLE_IDENTIFIER = roni.com.VaeFansTests;
				PRODUCT_NAME = "$(TARGET_NAME)";
				SWIFT_VERSION = 5.0;
				TARGETED_DEVICE_FAMILY = "1,2";
				TEST_HOST = "$(BUILT_PRODUCTS_DIR)/VaeFans.app/VaeFans";
			};
			name = Release;
		};
		E07D47C224A0A79A0020B9E3 /* Debug */ = {
			isa = XCBuildConfiguration;
			buildSettings = {
				ALWAYS_EMBED_SWIFT_STANDARD_LIBRARIES = YES;
				CODE_SIGN_STYLE = Automatic;
				DEVELOPMENT_TEAM = 65H2VB24S3;
				INFOPLIST_FILE = VaeFansUITests/Info.plist;
				LD_RUNPATH_SEARCH_PATHS = (
					"$(inherited)",
					"@executable_path/Frameworks",
					"@loader_path/Frameworks",
				);
				PRODUCT_BUNDLE_IDENTIFIER = roni.com.VaeFansUITests;
				PRODUCT_NAME = "$(TARGET_NAME)";
				SWIFT_VERSION = 5.0;
				TARGETED_DEVICE_FAMILY = "1,2";
				TEST_TARGET_NAME = VaeFans;
			};
			name = Debug;
		};
		E07D47C324A0A79A0020B9E3 /* Release */ = {
			isa = XCBuildConfiguration;
			buildSettings = {
				ALWAYS_EMBED_SWIFT_STANDARD_LIBRARIES = YES;
				CODE_SIGN_STYLE = Automatic;
				DEVELOPMENT_TEAM = 65H2VB24S3;
				INFOPLIST_FILE = VaeFansUITests/Info.plist;
				LD_RUNPATH_SEARCH_PATHS = (
					"$(inherited)",
					"@executable_path/Frameworks",
					"@loader_path/Frameworks",
				);
				PRODUCT_BUNDLE_IDENTIFIER = roni.com.VaeFansUITests;
				PRODUCT_NAME = "$(TARGET_NAME)";
				SWIFT_VERSION = 5.0;
				TARGETED_DEVICE_FAMILY = "1,2";
				TEST_TARGET_NAME = VaeFans;
			};
			name = Release;
		};
/* End XCBuildConfiguration section */

/* Begin XCConfigurationList section */
		E07D478C24A0A7970020B9E3 /* Build configuration list for PBXProject "VaeFans" */ = {
			isa = XCConfigurationList;
			buildConfigurations = (
				E07D47B924A0A79A0020B9E3 /* Debug */,
				E07D47BA24A0A79A0020B9E3 /* Release */,
			);
			defaultConfigurationIsVisible = 0;
			defaultConfigurationName = Release;
		};
		E07D47BB24A0A79A0020B9E3 /* Build configuration list for PBXNativeTarget "VaeFans" */ = {
			isa = XCConfigurationList;
			buildConfigurations = (
				E07D47BC24A0A79A0020B9E3 /* Debug */,
				E07D47BD24A0A79A0020B9E3 /* Release */,
			);
			defaultConfigurationIsVisible = 0;
			defaultConfigurationName = Release;
		};
		E07D47BE24A0A79A0020B9E3 /* Build configuration list for PBXNativeTarget "VaeFansTests" */ = {
			isa = XCConfigurationList;
			buildConfigurations = (
				E07D47BF24A0A79A0020B9E3 /* Debug */,
				E07D47C024A0A79A0020B9E3 /* Release */,
			);
			defaultConfigurationIsVisible = 0;
			defaultConfigurationName = Release;
		};
		E07D47C124A0A79A0020B9E3 /* Build configuration list for PBXNativeTarget "VaeFansUITests" */ = {
			isa = XCConfigurationList;
			buildConfigurations = (
				E07D47C224A0A79A0020B9E3 /* Debug */,
				E07D47C324A0A79A0020B9E3 /* Release */,
			);
			defaultConfigurationIsVisible = 0;
			defaultConfigurationName = Release;
		};
/* End XCConfigurationList section */
	};
	rootObject = E07D478924A0A7970020B9E3 /* Project object */;
}
